
Microsoft Visual Studio Solution File, Format Version 12.00
# Visual Studio Version 16
VisualStudioVersion = 16.0.29911.98
MinimumVisualStudioVersion = 10.0.40219.1
Project("{9A19103F-16F7-4668-BE54-9A1E7A4F7556}") = "highscore-exercise", "highscore-exercise\highscore-exercise.csproj", "{0570DDD5-4447-493C-84C0-EA3FC548033E}"
EndProject
Project("{E53339B2-1760-4266-BCC7-CA923CBCF16C}") = "docker-compose", "docker-compose.dcproj", "{EBD550F0-4B7F-485E-8C30-1168BFD3C7E1}"
EndProject
Project("{FAE04EC0-301F-11D3-BF4B-00C04F79EFBC}") = "Tests", "..\Tests\Tests.csproj", "{F4695767-DE6F-4E41-A59E-06E79A486C51}"
EndProject
Global
	GlobalSection(SolutionConfigurationPlatforms) = preSolution
		Debug|Any CPU = Debug|Any CPU
		Release|Any CPU = Release|Any CPU
	EndGlobalSection
	GlobalSection(ProjectConfigurationPlatforms) = postSolution
		{0570DDD5-4447-493C-84C0-EA3FC548033E}.Debug|Any CPU.ActiveCfg = Debug|Any CPU
		{0570DDD5-4447-493C-84C0-EA3FC548033E}.Debug|Any CPU.Build.0 = Debug|Any CPU
		{0570DDD5-4447-493C-84C0-EA3FC548033E}.Release|Any CPU.ActiveCfg = Release|Any CPU
		{0570DDD5-4447-493C-84C0-EA3FC548033E}.Release|Any CPU.Build.0 = Release|Any CPU
		{EBD550F0-4B7F-485E-8C30-1168BFD3C7E1}.Debug|Any CPU.ActiveCfg = Debug|Any CPU
		{EBD550F0-4B7F-485E-8C30-1168BFD3C7E1}.Debug|Any CPU.Build.0 = Debug|Any CPU
		{EBD550F0-4B7F-485E-8C30-1168BFD3C7E1}.Release|Any CPU.ActiveCfg = Release|Any CPU
		{EBD550F0-4B7F-485E-8C30-1168BFD3C7E1}.Release|Any CPU.Build.0 = Release|Any CPU
		{F4695767-DE6F-4E41-A59E-06E79A486C51}.Debug|Any CPU.ActiveCfg = Debug|Any CPU
		{F4695767-DE6F-4E41-A59E-06E79A486C51}.Debug|Any CPU.Build.0 = Debug|Any CPU
		{F4695767-DE6F-4E41-A59E-06E79A486C51}.Release|Any CPU.ActiveCfg = Release|Any CPU
		{F4695767-DE6F-4E41-A59E-06E79A486C51}.Release|Any CPU.Build.0 = Release|Any CPU
	EndGlobalSection
	GlobalSection(SolutionProperties) = preSolution
		HideSolutionNode = FALSE
	EndGlobalSection
	GlobalSection(ExtensibilityGlobals) = postSolution
		SolutionGuid = {A879CDFE-2AF4-49E5-91DA-C47CB3803ABB}
	EndGlobalSection
EndGlobal
